
Microsoft Visual Studio Solution File, Format Version 12.00
# Visual Studio 15
VisualStudioVersion = 15.0.28307.106
MinimumVisualStudioVersion = 10.0.40219.1
Project("{9A19103F-16F7-4668-BE54-9A1E7A4F7556}") = "SanFu.Api", "SanFu.Api\SanFu.Api.csproj", "{32963E2B-6966-4CC8-8354-DCC26BA398D9}"
EndProject
Project("{2150E333-8FDC-42A3-9474-1A3956D46DE8}") = "DataAccessLayer", "DataAccessLayer", "{F4DE3851-7CB3-4D69-8205-E8C701666E2E}"
EndProject
Project("{2150E333-8FDC-42A3-9474-1A3956D46DE8}") = "DataWarehouse", "DataWarehouse", "{C2A4E89E-E4E1-4F43-895F-C7D916F62CC9}"
EndProject
Project("{2150E333-8FDC-42A3-9474-1A3956D46DE8}") = "BussinessLayer", "BussinessLayer", "{33B45EB7-F2D1-44B7-9AE5-7CEBF28BAE37}"
EndProject
Project("{2150E333-8FDC-42A3-9474-1A3956D46DE8}") = "Framework", "Framework", "{5E3D1CF8-4DFD-41F5-A7B1-508359354745}"
EndProject
Project("{2150E333-8FDC-42A3-9474-1A3956D46DE8}") = "Resoureces", "Resoureces", "{5704EE4B-08B7-42B6-86D2-25165BF7721C}"
EndProject
Project("{9A19103F-16F7-4668-BE54-9A1E7A4F7556}") = "SanFu.DataSource", "SanFu.DataSource\SanFu.DataSource.csproj", "{951DA541-E05D-46D4-AB1B-B6383D7BACBD}"
EndProject
Project("{9A19103F-16F7-4668-BE54-9A1E7A4F7556}") = "SanFu.Entities", "SanFu.Entities\SanFu.Entities.csproj", "{C3F8611A-3B39-49A7-89F9-200BF4EE93A1}"
EndProject
Project("{9A19103F-16F7-4668-BE54-9A1E7A4F7556}") = "SanFu.IRepository", "SanFu.IRepository\SanFu.IRepository.csproj", "{76121B34-0785-4A1E-BC42-BCFAA6C2450E}"
EndProject
Project("{9A19103F-16F7-4668-BE54-9A1E7A4F7556}") = "SanFu.Repository", "SanFu.Repository\SanFu.Repository.csproj", "{F43636FD-AE24-4B0E-8D98-E2615B783EB3}"
EndProject
Project("{9A19103F-16F7-4668-BE54-9A1E7A4F7556}") = "SanFu.IService", "SanFu.IService\SanFu.IService.csproj", "{0CAA3BD9-C80C-42E9-A098-EF4BBEFCD4C5}"
EndProject
Project("{9A19103F-16F7-4668-BE54-9A1E7A4F7556}") = "SanFu.Service", "SanFu.Service\SanFu.Service.csproj", "{42AE18F0-03D8-425A-B7F3-98B0A72EA7CD}"
EndProject
Project("{9A19103F-16F7-4668-BE54-9A1E7A4F7556}") = "SanFu.ViewModels", "SanFu.ViewModels\SanFu.ViewModels.csproj", "{C56FCB9C-ED65-4693-8942-3882D813C4DA}"
EndProject
Project("{9A19103F-16F7-4668-BE54-9A1E7A4F7556}") = "SanFu.Commons", "SanFu.Commons\SanFu.Commons.csproj", "{7233BE31-6E44-4C7F-85EB-2B9053B74F39}"
EndProject
Project("{9A19103F-16F7-4668-BE54-9A1E7A4F7556}") = "SanFu.AutoMapping", "SanFu.AutoMapping\SanFu.AutoMapping.csproj", "{282FE6D1-F614-449D-9CF2-5D3F0B752872}"
EndProject
Project("{9A19103F-16F7-4668-BE54-9A1E7A4F7556}") = "NetCore.Framework", "..\NetCore.Framework\NetCore.Framework\NetCore.Framework.csproj", "{12CE1E27-D962-4A9C-B1B2-B6FCF2C1AAB1}"
EndProject
Project("{FAE04EC0-301F-11D3-BF4B-00C04F79EFBC}") = "SanFu.PassPort", "SanFu.PassPort\SanFu.PassPort.csproj", "{34FCEE22-40B2-49F3-80EC-DE1A5AECEBAD}"
EndProject
Global
	GlobalSection(SolutionConfigurationPlatforms) = preSolution
		Debug|Any CPU = Debug|Any CPU
		Release|Any CPU = Release|Any CPU
	EndGlobalSection
	GlobalSection(ProjectConfigurationPlatforms) = postSolution
		{32963E2B-6966-4CC8-8354-DCC26BA398D9}.Debug|Any CPU.ActiveCfg = Debug|Any CPU
		{32963E2B-6966-4CC8-8354-DCC26BA398D9}.Debug|Any CPU.Build.0 = Debug|Any CPU
		{32963E2B-6966-4CC8-8354-DCC26BA398D9}.Release|Any CPU.ActiveCfg = Release|Any CPU
		{32963E2B-6966-4CC8-8354-DCC26BA398D9}.Release|Any CPU.Build.0 = Release|Any CPU
		{951DA541-E05D-46D4-AB1B-B6383D7BACBD}.Debug|Any CPU.ActiveCfg = Debug|Any CPU
		{951DA541-E05D-46D4-AB1B-B6383D7BACBD}.Debug|Any CPU.Build.0 = Debug|Any CPU
		{951DA541-E05D-46D4-AB1B-B6383D7BACBD}.Release|Any CPU.ActiveCfg = Release|Any CPU
		{951DA541-E05D-46D4-AB1B-B6383D7BACBD}.Release|Any CPU.Build.0 = Release|Any CPU
		{C3F8611A-3B39-49A7-89F9-200BF4EE93A1}.Debug|Any CPU.ActiveCfg = Debug|Any CPU
		{C3F8611A-3B39-49A7-89F9-200BF4EE93A1}.Debug|Any CPU.Build.0 = Debug|Any CPU
		{C3F8611A-3B39-49A7-89F9-200BF4EE93A1}.Release|Any CPU.ActiveCfg = Release|Any CPU
		{C3F8611A-3B39-49A7-89F9-200BF4EE93A1}.Release|Any CPU.Build.0 = Release|Any CPU
		{76121B34-0785-4A1E-BC42-BCFAA6C2450E}.Debug|Any CPU.ActiveCfg = Debug|Any CPU
		{76121B34-0785-4A1E-BC42-BCFAA6C2450E}.Debug|Any CPU.Build.0 = Debug|Any CPU
		{76121B34-0785-4A1E-BC42-BCFAA6C2450E}.Release|Any CPU.ActiveCfg = Release|Any CPU
		{76121B34-0785-4A1E-BC42-BCFAA6C2450E}.Release|Any CPU.Build.0 = Release|Any CPU
		{F43636FD-AE24-4B0E-8D98-E2615B783EB3}.Debug|Any CPU.ActiveCfg = Debug|Any CPU
		{F43636FD-AE24-4B0E-8D98-E2615B783EB3}.Debug|Any CPU.Build.0 = Debug|Any CPU
		{F43636FD-AE24-4B0E-8D98-E2615B783EB3}.Release|Any CPU.ActiveCfg = Release|Any CPU
		{F43636FD-AE24-4B0E-8D98-E2615B783EB3}.Release|Any CPU.Build.0 = Release|Any CPU
		{0CAA3BD9-C80C-42E9-A098-EF4BBEFCD4C5}.Debug|Any CPU.ActiveCfg = Debug|Any CPU
		{0CAA3BD9-C80C-42E9-A098-EF4BBEFCD4C5}.Debug|Any CPU.Build.0 = Debug|Any CPU
		{0CAA3BD9-C80C-42E9-A098-EF4BBEFCD4C5}.Release|Any CPU.ActiveCfg = Release|Any CPU
		{0CAA3BD9-C80C-42E9-A098-EF4BBEFCD4C5}.Release|Any CPU.Build.0 = Release|Any CPU
		{42AE18F0-03D8-425A-B7F3-98B0A72EA7CD}.Debug|Any CPU.ActiveCfg = Debug|Any CPU
		{42AE18F0-03D8-425A-B7F3-98B0A72EA7CD}.Debug|Any CPU.Build.0 = Debug|Any CPU
		{42AE18F0-03D8-425A-B7F3-98B0A72EA7CD}.Release|Any CPU.ActiveCfg = Release|Any CPU
		{42AE18F0-03D8-425A-B7F3-98B0A72EA7CD}.Release|Any CPU.Build.0 = Release|Any CPU
		{C56FCB9C-ED65-4693-8942-3882D813C4DA}.Debug|Any CPU.ActiveCfg = Debug|Any CPU
		{C56FCB9C-ED65-4693-8942-3882D813C4DA}.Debug|Any CPU.Build.0 = Debug|Any CPU
		{C56FCB9C-ED65-4693-8942-3882D813C4DA}.Release|Any CPU.ActiveCfg = Release|Any CPU
		{C56FCB9C-ED65-4693-8942-3882D813C4DA}.Release|Any CPU.Build.0 = Release|Any CPU
		{7233BE31-6E44-4C7F-85EB-2B9053B74F39}.Debug|Any CPU.ActiveCfg = Debug|Any CPU
		{7233BE31-6E44-4C7F-85EB-2B9053B74F39}.Debug|Any CPU.Build.0 = Debug|Any CPU
		{7233BE31-6E44-4C7F-85EB-2B9053B74F39}.Release|Any CPU.ActiveCfg = Release|Any CPU
		{7233BE31-6E44-4C7F-85EB-2B9053B74F39}.Release|Any CPU.Build.0 = Release|Any CPU
		{282FE6D1-F614-449D-9CF2-5D3F0B752872}.Debug|Any CPU.ActiveCfg = Debug|Any CPU
		{282FE6D1-F614-449D-9CF2-5D3F0B752872}.Debug|Any CPU.Build.0 = Debug|Any CPU
		{282FE6D1-F614-449D-9CF2-5D3F0B752872}.Release|Any CPU.ActiveCfg = Release|Any CPU
		{282FE6D1-F614-449D-9CF2-5D3F0B752872}.Release|Any CPU.Build.0 = Release|Any CPU
		{12CE1E27-D962-4A9C-B1B2-B6FCF2C1AAB1}.Debug|Any CPU.ActiveCfg = Debug|Any CPU
		{12CE1E27-D962-4A9C-B1B2-B6FCF2C1AAB1}.Debug|Any CPU.Build.0 = Debug|Any CPU
		{12CE1E27-D962-4A9C-B1B2-B6FCF2C1AAB1}.Release|Any CPU.ActiveCfg = Release|Any CPU
		{12CE1E27-D962-4A9C-B1B2-B6FCF2C1AAB1}.Release|Any CPU.Build.0 = Release|Any CPU
		{34FCEE22-40B2-49F3-80EC-DE1A5AECEBAD}.Debug|Any CPU.ActiveCfg = Debug|Any CPU
		{34FCEE22-40B2-49F3-80EC-DE1A5AECEBAD}.Debug|Any CPU.Build.0 = Debug|Any CPU
		{34FCEE22-40B2-49F3-80EC-DE1A5AECEBAD}.Release|Any CPU.ActiveCfg = Release|Any CPU
		{34FCEE22-40B2-49F3-80EC-DE1A5AECEBAD}.Release|Any CPU.Build.0 = Release|Any CPU
	EndGlobalSection
	GlobalSection(SolutionProperties) = preSolution
		HideSolutionNode = FALSE
	EndGlobalSection
	GlobalSection(NestedProjects) = preSolution
		{951DA541-E05D-46D4-AB1B-B6383D7BACBD} = {F4DE3851-7CB3-4D69-8205-E8C701666E2E}
		{C3F8611A-3B39-49A7-89F9-200BF4EE93A1} = {F4DE3851-7CB3-4D69-8205-E8C701666E2E}
		{76121B34-0785-4A1E-BC42-BCFAA6C2450E} = {C2A4E89E-E4E1-4F43-895F-C7D916F62CC9}
		{F43636FD-AE24-4B0E-8D98-E2615B783EB3} = {C2A4E89E-E4E1-4F43-895F-C7D916F62CC9}
		{0CAA3BD9-C80C-42E9-A098-EF4BBEFCD4C5} = {33B45EB7-F2D1-44B7-9AE5-7CEBF28BAE37}
		{42AE18F0-03D8-425A-B7F3-98B0A72EA7CD} = {33B45EB7-F2D1-44B7-9AE5-7CEBF28BAE37}
		{C56FCB9C-ED65-4693-8942-3882D813C4DA} = {5704EE4B-08B7-42B6-86D2-25165BF7721C}
		{7233BE31-6E44-4C7F-85EB-2B9053B74F39} = {5704EE4B-08B7-42B6-86D2-25165BF7721C}
		{282FE6D1-F614-449D-9CF2-5D3F0B752872} = {5704EE4B-08B7-42B6-86D2-25165BF7721C}
		{12CE1E27-D962-4A9C-B1B2-B6FCF2C1AAB1} = {5E3D1CF8-4DFD-41F5-A7B1-508359354745}
	EndGlobalSection
	GlobalSection(ExtensibilityGlobals) = postSolution
		SolutionGuid = {60F4AE40-7B15-4D24-85FF-89328D5A75AE}
	EndGlobalSection
EndGlobal
